
Microsoft Visual Studio Solution File, Format Version 12.00
# Visual Studio Version 17
VisualStudioVersion = 17.4.33110.190
MinimumVisualStudioVersion = 10.0.40219.1
Project("{54A90642-561A-4BB1-A94E-469ADEE60C69}") = "nodeconsoleproject1", "nodeconsoleproject1\nodeconsoleproject1.esproj", "{AAD7F1FB-0F0F-4729-89EB-12E77A09FE49}"
EndProject
Global
	GlobalSection(SolutionConfigurationPlatforms) = preSolution
		Debug|Any CPU = Debug|Any CPU
		Release|Any CPU = Release|Any CPU
	EndGlobalSection
	GlobalSection(ProjectConfigurationPlatforms) = postSolution
		{AAD7F1FB-0F0F-4729-89EB-12E77A09FE49}.Debug|Any CPU.ActiveCfg = Debug|Any CPU
		{AAD7F1FB-0F0F-4729-89EB-12E77A09FE49}.Debug|Any CPU.Build.0 = Debug|Any CPU
		{AAD7F1FB-0F0F-4729-89EB-12E77A09FE49}.Debug|Any CPU.Deploy.0 = Debug|Any CPU
		{AAD7F1FB-0F0F-4729-89EB-12E77A09FE49}.Release|Any CPU.ActiveCfg = Release|Any CPU
		{AAD7F1FB-0F0F-4729-89EB-12E77A09FE49}.Release|Any CPU.Build.0 = Release|Any CPU
		{AAD7F1FB-0F0F-4729-89EB-12E77A09FE49}.Release|Any CPU.Deploy.0 = Release|Any CPU
	EndGlobalSection
	GlobalSection(SolutionProperties) = preSolution
		HideSolutionNode = FALSE
	EndGlobalSection
	GlobalSection(ExtensibilityGlobals) = postSolution
		SolutionGuid = {988D015F-AD5F-4687-8879-195F4849621D}
	EndGlobalSection
EndGlobal
